
Microsoft Visual Studio Solution File, Format Version 12.00
# Visual Studio Version 17
VisualStudioVersion = 17.3.32922.545
MinimumVisualStudioVersion = 10.0.40219.1
Project("{9A19103F-16F7-4668-BE54-9A1E7A4F7556}") = "AutomatMaskin", "InlämingsUppgiftCS\AutomatMaskin.csproj", "{CFAE8507-6C11-4E32-B2D3-7046D199B612}"
EndProject
Global
	GlobalSection(SolutionConfigurationPlatforms) = preSolution
		Debug|Any CPU = Debug|Any CPU
		Release|Any CPU = Release|Any CPU
	EndGlobalSection
	GlobalSection(ProjectConfigurationPlatforms) = postSolution
		{CFAE8507-6C11-4E32-B2D3-7046D199B612}.Debug|Any CPU.ActiveCfg = Debug|Any CPU
		{CFAE8507-6C11-4E32-B2D3-7046D199B612}.Debug|Any CPU.Build.0 = Debug|Any CPU
		{CFAE8507-6C11-4E32-B2D3-7046D199B612}.Release|Any CPU.ActiveCfg = Release|Any CPU
		{CFAE8507-6C11-4E32-B2D3-7046D199B612}.Release|Any CPU.Build.0 = Release|Any CPU
	EndGlobalSection
	GlobalSection(SolutionProperties) = preSolution
		HideSolutionNode = FALSE
	EndGlobalSection
	GlobalSection(ExtensibilityGlobals) = postSolution
		SolutionGuid = {BCA2691E-AA5E-4407-B6EB-0AB01418D2BB}
	EndGlobalSection
EndGlobal
