
Microsoft Visual Studio Solution File, Format Version 12.00
# Visual Studio Version 17
VisualStudioVersion = 17.3.32922.545
MinimumVisualStudioVersion = 10.0.40219.1
Project("{9A19103F-16F7-4668-BE54-9A1E7A4F7556}") = "TheVillageOfTesting", "TheVillageOfTesting\TheVillageOfTesting.csproj", "{5D006E31-C3F6-49FF-AF6E-B3BC25542CC1}"
EndProject
Project("{FAE04EC0-301F-11D3-BF4B-00C04F79EFBC}") = "TheVillageOfTestingTest", "TheVillageOfTestingTest\TheVillageOfTestingTest.csproj", "{0598A939-1548-48FA-A863-39B67872CF12}"
EndProject
Global
	GlobalSection(SolutionConfigurationPlatforms) = preSolution
		Debug|Any CPU = Debug|Any CPU
		Release|Any CPU = Release|Any CPU
	EndGlobalSection
	GlobalSection(ProjectConfigurationPlatforms) = postSolution
		{5D006E31-C3F6-49FF-AF6E-B3BC25542CC1}.Debug|Any CPU.ActiveCfg = Debug|Any CPU
		{5D006E31-C3F6-49FF-AF6E-B3BC25542CC1}.Debug|Any CPU.Build.0 = Debug|Any CPU
		{5D006E31-C3F6-49FF-AF6E-B3BC25542CC1}.Release|Any CPU.ActiveCfg = Release|Any CPU
		{5D006E31-C3F6-49FF-AF6E-B3BC25542CC1}.Release|Any CPU.Build.0 = Release|Any CPU
		{0598A939-1548-48FA-A863-39B67872CF12}.Debug|Any CPU.ActiveCfg = Debug|Any CPU
		{0598A939-1548-48FA-A863-39B67872CF12}.Debug|Any CPU.Build.0 = Debug|Any CPU
		{0598A939-1548-48FA-A863-39B67872CF12}.Release|Any CPU.ActiveCfg = Release|Any CPU
		{0598A939-1548-48FA-A863-39B67872CF12}.Release|Any CPU.Build.0 = Release|Any CPU
	EndGlobalSection
	GlobalSection(SolutionProperties) = preSolution
		HideSolutionNode = FALSE
	EndGlobalSection
	GlobalSection(ExtensibilityGlobals) = postSolution
		SolutionGuid = {C49B74FF-2224-47D6-89B7-8A1464943C30}
	EndGlobalSection
EndGlobal
